{
  "lockfileVersion": 2,
  "configVersion": 1,
  "workspaces": {
    "": {
      "name": "ssr_test",
      "dependencies": {
        "oxc-parser": "^0.148.0",
      },
      "devDependencies": {
        "@types/bun": "latest",
      },
    },
  },
  "packages": {
    "@oxc-parser/binding-android-arm-eabi": ["@oxc-parser/binding-android-arm-eabi@0.148.0", "", { "os": "android", "cpu": "arm" }, "sha512-pHASv9g5pASxb7akHERZNSkrEqPhFaUix98o7d9hbTpolnnFWl7UiRrcMhCsV1+iVO4/cJwKsbKRJTFNs2tdBQ=="],

    "@oxc-parser/binding-android-arm64": ["@oxc-parser/binding-android-arm64@0.148.0", "", { "os": "android", "cpu": "arm64" }, "sha512-sg/6Ez0KdAygsu0POELux9wN1Po2CP93WY8eNl4DBKIGprsd4QSHBXOb471Pu9i2OCD5sLkISSb2agZEhVn2Zw=="],

    "@oxc-parser/binding-darwin-arm64": ["@oxc-parser/binding-darwin-arm64@0.148.0", "", { "os": "darwin", "cpu": "arm64" }, "sha512-yiSJmzGUvCUaJT8X3j40gVcX+ckuHQMuiOtF8DvzTs5+JtB/7XuHFPp4M+vv5u+HlBtDUd4Ks5pyHpWz8mfnkg=="],

    "@oxc-parser/binding-darwin-x64": ["@oxc-parser/binding-darwin-x64@0.148.0", "", { "os": "darwin", "cpu": "x64" }, "sha512-6ZeklaamrMy4H2JmhvcJg6iip59tYILtuLaILxyAHT3l5FDxnI5ihVievAft5ZmAbqtlWHErOi1OpJK8gy1wcA=="],

    "@oxc-parser/binding-freebsd-x64": ["@oxc-parser/binding-freebsd-x64@0.148.0", "", { "os": "freebsd", "cpu": "x64" }, "sha512-vFsPx+a/qFECPnz/H8nC6x6MDvnWscLTCo/5muojEF54ERUq1kdgbvnWo95YnkhjF9sTIcG/uDxQBh1gffaufQ=="],

    "@oxc-parser/binding-linux-arm-gnueabihf": ["@oxc-parser/binding-linux-arm-gnueabihf@0.148.0", "", { "os": "linux", "cpu": "arm" }, "sha512-eOr3M+6iGbbxNL4PSS0VtsyQ2eOUxSBh00BqO22SbolDimPSYsBuLr/LCrZBkiqW2BoabhR6V4R8jrRAay7hjg=="],

    "@oxc-parser/binding-linux-arm-musleabihf": ["@oxc-parser/binding-linux-arm-musleabihf@0.148.0", "", { "os": "linux", "cpu": "arm" }, "sha512-58ZKDw0mQRbCNfrd2IDyV4o8T7enzGERJn41BH2tjrZVGyiKiFzcfDicuB7Zcpb/1xIOrObovr8Dja6lZi8dLw=="],

    "@oxc-parser/binding-linux-arm64-gnu": ["@oxc-parser/binding-linux-arm64-gnu@0.148.0", "", { "os": "linux", "cpu": "arm64" }, "sha512-Fnu95O4eZ5i++GPvIzBEZ8y4ddTLR+D9paYa8JRaRk6ZK7nHQiWP5xtrhcPQsXqgat1d7sU/d5rbbI0p1FTHSQ=="],

    "@oxc-parser/binding-linux-arm64-musl": ["@oxc-parser/binding-linux-arm64-musl@0.148.0", "", { "os": "linux", "cpu": "arm64" }, "sha512-3CQy/BMdx7N7H3qrcPxUL+a2CwUZodUcf6oq8iJuNZ9C6Ol1aq3mcWzsgySJ7CHFLvpX21ZDPp1r1X0QLbu/AQ=="],

    "@oxc-parser/binding-linux-ppc64-gnu": ["@oxc-parser/binding-linux-ppc64-gnu@0.148.0", "", { "os": "linux", "cpu": "ppc64" }, "sha512-9LkaYvfiF8hMOw900csAvkf1oxE8XlmMeGowu5BcastSSwV8mKvKRMNU7HsV+ycyj1dQD8pX5qgOw8ja6SJacg=="],

    "@oxc-parser/binding-linux-riscv64-gnu": ["@oxc-parser/binding-linux-riscv64-gnu@0.148.0", "", { "os": "linux", "cpu": "none" }, "sha512-2GBiM9h26dR4WJfhoMvnFMnFLf7m/kYs4UMqjvrOfQG4BV1nuTJDH22Zc2MQr3INZF7nSKYQ6xlhD3hQ7A6gug=="],

    "@oxc-parser/binding-linux-riscv64-musl": ["@oxc-parser/binding-linux-riscv64-musl@0.148.0", "", { "os": "linux", "cpu": "none" }, "sha512-uPqZexvKJmEgq4mAu36qe2xTfXZE7oyik1R7KtZ5tl8qKlq1U1fIqTFRUEBZqRGvforoTrGIpatRzcoPKO66RA=="],

    "@oxc-parser/binding-linux-s390x-gnu": ["@oxc-parser/binding-linux-s390x-gnu@0.148.0", "", { "os": "linux", "cpu": "s390x" }, "sha512-9oUHvnTbp7ZraFsTC8PN6XhdhPSSxZumYvixWl7Smi353gEULvK6yV0sXNVrdFMHQeaDKFCi8TgDhNK7/A+Y+Q=="],

    "@oxc-parser/binding-linux-x64-gnu": ["@oxc-parser/binding-linux-x64-gnu@0.148.0", "", { "os": "linux", "cpu": "x64" }, "sha512-2qhDSJwKzbSZzF7lDqqk8sr/yXsmwr3PeUa4/nazIF+zFAYz1gVPEfC34GQtGxzJUUmklaYAL63368LEfrMeyw=="],

    "@oxc-parser/binding-linux-x64-musl": ["@oxc-parser/binding-linux-x64-musl@0.148.0", "", { "os": "linux", "cpu": "x64" }, "sha512-qQoPDZUFV0bh9xA09XydmkjMBpgc1ukJuhMvzQ9QeVmFaHTS9W5TE5CoLmSl3QQyUP9OuHO3x/WPZTIIZPWR3Q=="],

    "@oxc-parser/binding-openharmony-arm64": ["@oxc-parser/binding-openharmony-arm64@0.148.0", "", { "os": "none", "cpu": "arm64" }, "sha512-1UGbaQWEXUCLqAmaR5kwRDjx/R4S5LQKZkM9CHmaHkuKhriOF32aRLfS0jCRNE2yGQJLMEA1z9UucbBVqjXnDw=="],

    "@oxc-parser/binding-win32-arm64-msvc": ["@oxc-parser/binding-win32-arm64-msvc@0.148.0", "", { "os": "win32", "cpu": "arm64" }, "sha512-pWKdzRDNG2+NK4h/V6U/CYERcfYD6u28h5IB/VJVsrZaD3muvE58tUj22lieL5vLZ+XFi1GPv9YXckZbJZ9BLA=="],

    "@oxc-parser/binding-win32-ia32-msvc": ["@oxc-parser/binding-win32-ia32-msvc@0.148.0", "", { "os": "win32", "cpu": "ia32" }, "sha512-i3p4x+mvwtjcE1J5HM6V7ggsbXiznExN/4MkNyOy3dfXrVV3bnkSfmZxvo6/84qCVX4ShkpNE1SKt9biIF31GQ=="],

    "@oxc-parser/binding-win32-x64-msvc": ["@oxc-parser/binding-win32-x64-msvc@0.148.0", "", { "os": "win32", "cpu": "x64" }, "sha512-Ye6vB7VQulghWYkYkECOBYFRVEizz4XyRTUAv+t8BuyurhKU7uD0P9eowL+mKG5Mf8MSYx+DI3Cm8SKZvYG7bQ=="],

    "@oxc-project/types": ["@oxc-project/types@0.148.0", "", {}, "sha512-Nm4s/jB+4FpFsPhWGEC4h7rzksesmtnMXomo6rCMcg/b8zLQuOziRgkCS1fxDCXOlJB/6Q8oABOZ/OP6RIPj9A=="],

    "@types/bun": ["@types/bun@1.4.1", "", { "dependencies": { "bun-types": "1.4.1" } }, "sha512-0AVGiTXGajf1rgKom3N+c5L7CBxuoyyv1i44M0nX4UDK0G/fnRAMiri93nHuVPIb429KKtAgj7HatVmmOjeQLA=="],

    "@types/node": ["@types/node@26.4.1", "", { "dependencies": { "undici-types": "~8.3.0" } }, "sha512-k97ENvZWtvA6yqz5/FS6a7duDgOPEeOQOc2iKS/nY6mX6qJUKtLnWzQS+Xj6tXweyj6ZcTAK2Qecetnvi9nCLA=="],

    "bun-types": ["bun-types@1.4.1", "", { "dependencies": { "@types/node": "*" } }, "sha512-loKuVrAFZKfEv+JvWkHRS9GW5IqLuLRjVXN9p+vZvBN86O5hf/pBZQ5hSoyipsrMmWObZBDvWnlmKvjKTM0PdA=="],

    "oxc-parser": ["oxc-parser@0.148.0", "", { "dependencies": { "@oxc-project/types": "^0.148.0" }, "optionalDependencies": { "@oxc-parser/binding-android-arm-eabi": "0.148.0", "@oxc-parser/binding-android-arm64": "0.148.0", "@oxc-parser/binding-darwin-arm64": "0.148.0", "@oxc-parser/binding-darwin-x64": "0.148.0", "@oxc-parser/binding-freebsd-x64": "0.148.0", "@oxc-parser/binding-linux-arm-gnueabihf": "0.148.0", "@oxc-parser/binding-linux-arm-musleabihf": "0.148.0", "@oxc-parser/binding-linux-arm64-gnu": "0.148.0", "@oxc-parser/binding-linux-arm64-musl": "0.148.0", "@oxc-parser/binding-linux-ppc64-gnu": "0.148.0", "@oxc-parser/binding-linux-riscv64-gnu": "0.148.0", "@oxc-parser/binding-linux-riscv64-musl": "0.148.0", "@oxc-parser/binding-linux-s390x-gnu": "0.148.0", "@oxc-parser/binding-linux-x64-gnu": "0.148.0", "@oxc-parser/binding-linux-x64-musl": "0.148.0", "@oxc-parser/binding-openharmony-arm64": "0.148.0", "@oxc-parser/binding-win32-arm64-msvc": "0.148.0", "@oxc-parser/binding-win32-ia32-msvc": "0.148.0", "@oxc-parser/binding-win32-x64-msvc": "0.148.0" } }, "sha512-syxUKHeUll89RIABQADcI7sikYrwyssvA6gj4phSSIPezKVM8yMaLAiLLSc7fmzVvrwybfFGFbW5zme9sX87rg=="],

    "undici-types": ["undici-types@8.3.0", "", {}, "sha512-j375ScV60dom+YkPFIfTLcOiPxkN/buHz5GobjLhixFuANaNs3C9l4GmrWqejgXWJ7BbJcFYpTEUkS1Ge8bpZQ=="],
  }
}
